// !$*UTF8*$!
{
	archiveVersion = 1;
	classes = {
	};
	objectVersion = 50;
	objects = {

/* Begin PBXBuildFile section */
		2F8C2C98DD965A4E4BF20E11 /* Pods_MVP.framework in Frameworks */ = {isa = PBXBuildFile; fileRef = 49BD85E5EBA96B5382FB2CA0 /* Pods_MVP.framework */; };
		D44483D52250EF1C00A84CBB /* AppDelegate.swift in Sources */ = {isa = PBXBuildFile; fileRef = D44483D42250EF1C00A84CBB /* AppDelegate.swift */; };
		D44483D72250EF1C00A84CBB /* MDViewController.swift in Sources */ = {isa = PBXBuildFile; fileRef = D44483D62250EF1C00A84CBB /* MDViewController.swift */; };
		D44483DA2250EF1C00A84CBB /* Main.storyboard in Resources */ = {isa = PBXBuildFile; fileRef = D44483D82250EF1C00A84CBB /* Main.storyboard */; };
		D44483DC2250EF1D00A84CBB /* Assets.xcassets in Resources */ = {isa = PBXBuildFile; fileRef = D44483DB2250EF1D00A84CBB /* Assets.xcassets */; };
		D44483DF2250EF1D00A84CBB /* LaunchScreen.storyboard in Resources */ = {isa = PBXBuildFile; fileRef = D44483DD2250EF1D00A84CBB /* LaunchScreen.storyboard */; };
		D44483EA2250F0DC00A84CBB /* MDPresenter.swift in Sources */ = {isa = PBXBuildFile; fileRef = D44483E92250F0DC00A84CBB /* MDPresenter.swift */; };
		D44483EC2250F12900A84CBB /* data.json in Resources */ = {isa = PBXBuildFile; fileRef = D44483EB2250F12900A84CBB /* data.json */; };
		D44483EE2250F29600A84CBB /* NewsModel.swift in Sources */ = {isa = PBXBuildFile; fileRef = D44483ED2250F29600A84CBB /* NewsModel.swift */; };
		D44483F12250F9E500A84CBB /* ModelCell.swift in Sources */ = {isa = PBXBuildFile; fileRef = D44483F02250F9E500A84CBB /* ModelCell.swift */; };
		D44483F32250F9F900A84CBB /* ModelCell.xib in Resources */ = {isa = PBXBuildFile; fileRef = D44483F22250F9F900A84CBB /* ModelCell.xib */; };
/* End PBXBuildFile section */

/* Begin PBXFileReference section */
		49BD85E5EBA96B5382FB2CA0 /* Pods_MVP.framework */ = {isa = PBXFileReference; explicitFileType = wrapper.framework; includeInIndex = 0; path = Pods_MVP.framework; sourceTree = BUILT_PRODUCTS_DIR; };
		81B625EE11C3A44FB23F84C9 /* Pods-MVP.release.xcconfig */ = {isa = PBXFileReference; includeInIndex = 1; lastKnownFileType = text.xcconfig; name = "Pods-MVP.release.xcconfig"; path = "Pods/Target Support Files/Pods-MVP/Pods-MVP.release.xcconfig"; sourceTree = "<group>"; };
		D44483D12250EF1C00A84CBB /* MVP.app */ = {isa = PBXFileReference; explicitFileType = wrapper.application; includeInIndex = 0; path = MVP.app; sourceTree = BUILT_PRODUCTS_DIR; };
		D44483D42250EF1C00A84CBB /* AppDelegate.swift */ = {isa = PBXFileReference; lastKnownFileType = sourcecode.swift; path = AppDelegate.swift; sourceTree = "<group>"; };
		D44483D62250EF1C00A84CBB /* MDViewController.swift */ = {isa = PBXFileReference; lastKnownFileType = sourcecode.swift; path = MDViewController.swift; sourceTree = "<group>"; };
		D44483D92250EF1C00A84CBB /* Base */ = {isa = PBXFileReference; lastKnownFileType = file.storyboard; name = Base; path = Base.lproj/Main.storyboard; sourceTree = "<group>"; };
		D44483DB2250EF1D00A84CBB /* Assets.xcassets */ = {isa = PBXFileReference; lastKnownFileType = folder.assetcatalog; path = Assets.xcassets; sourceTree = "<group>"; };
		D44483DE2250EF1D00A84CBB /* Base */ = {isa = PBXFileReference; lastKnownFileType = file.storyboard; name = Base; path = Base.lproj/LaunchScreen.storyboard; sourceTree = "<group>"; };
		D44483E02250EF1D00A84CBB /* Info.plist */ = {isa = PBXFileReference; lastKnownFileType = text.plist.xml; path = Info.plist; sourceTree = "<group>"; };
		D44483E92250F0DC00A84CBB /* MDPresenter.swift */ = {isa = PBXFileReference; lastKnownFileType = sourcecode.swift; path = MDPresenter.swift; sourceTree = "<group>"; };
		D44483EB2250F12900A84CBB /* data.json */ = {isa = PBXFileReference; fileEncoding = 4; lastKnownFileType = text.json; path = data.json; sourceTree = "<group>"; };
		D44483ED2250F29600A84CBB /* NewsModel.swift */ = {isa = PBXFileReference; lastKnownFileType = sourcecode.swift; path = NewsModel.swift; sourceTree = "<group>"; };
		D44483F02250F9E500A84CBB /* ModelCell.swift */ = {isa = PBXFileReference; lastKnownFileType = sourcecode.swift; path = ModelCell.swift; sourceTree = "<group>"; };
		D44483F22250F9F900A84CBB /* ModelCell.xib */ = {isa = PBXFileReference; lastKnownFileType = file.xib; path = ModelCell.xib; sourceTree = "<group>"; };
		E5CB1BC47830570354A8BB92 /* Pods-MVP.debug.xcconfig */ = {isa = PBXFileReference; includeInIndex = 1; lastKnownFileType = text.xcconfig; name = "Pods-MVP.debug.xcconfig"; path = "Pods/Target Support Files/Pods-MVP/Pods-MVP.debug.xcconfig"; sourceTree = "<group>"; };
/* End PBXFileReference section */

/* Begin PBXFrameworksBuildPhase section */
		D44483CE2250EF1C00A84CBB /* Frameworks */ = {
			isa = PBXFrameworksBuildPhase;
			buildActionMask = 2147483647;
			files = (
				2F8C2C98DD965A4E4BF20E11 /* Pods_MVP.framework in Frameworks */,
			);
			runOnlyForDeploymentPostprocessing = 0;
		};
/* End PBXFrameworksBuildPhase section */

/* Begin PBXGroup section */
		4961BE11573440813561E887 /* Pods */ = {
			isa = PBXGroup;
			children = (
				E5CB1BC47830570354A8BB92 /* Pods-MVP.debug.xcconfig */,
				81B625EE11C3A44FB23F84C9 /* Pods-MVP.release.xcconfig */,
			);
			name = Pods;
			sourceTree = "<group>";
		};
		7B3D57E14C8C44B9608E8B44 /* Frameworks */ = {
			isa = PBXGroup;
			children = (
				49BD85E5EBA96B5382FB2CA0 /* Pods_MVP.framework */,
			);
			name = Frameworks;
			sourceTree = "<group>";
		};
		D44483C82250EF1C00A84CBB = {
			isa = PBXGroup;
			children = (
				D44483D32250EF1C00A84CBB /* MVP */,
				D44483D22250EF1C00A84CBB /* Products */,
				4961BE11573440813561E887 /* Pods */,
				7B3D57E14C8C44B9608E8B44 /* Frameworks */,
			);
			sourceTree = "<group>";
		};
		D44483D22250EF1C00A84CBB /* Products */ = {
			isa = PBXGroup;
			children = (
				D44483D12250EF1C00A84CBB /* MVP.app */,
			);
			name = Products;
			sourceTree = "<group>";
		};
		D44483D32250EF1C00A84CBB /* MVP */ = {
			isa = PBXGroup;
			children = (
				D44483EF2250F9D600A84CBB /* Views */,
				D44483E82250EFB600A84CBB /* Presenter */,
				D44483E72250EFA800A84CBB /* ViewControllers */,
				D44483E62250EFA100A84CBB /* Model */,
				D44483D42250EF1C00A84CBB /* AppDelegate.swift */,
				D44483D82250EF1C00A84CBB /* Main.storyboard */,
				D44483EB2250F12900A84CBB /* data.json */,
				D44483DB2250EF1D00A84CBB /* Assets.xcassets */,
				D44483DD2250EF1D00A84CBB /* LaunchScreen.storyboard */,
				D44483E02250EF1D00A84CBB /* Info.plist */,
			);
			path = MVP;
			sourceTree = "<group>";
		};
		D44483E62250EFA100A84CBB /* Model */ = {
			isa = PBXGroup;
			children = (
				D44483ED2250F29600A84CBB /* NewsModel.swift */,
			);
			path = Model;
			sourceTree = "<group>";
		};
		D44483E72250EFA800A84CBB /* ViewControllers */ = {
			isa = PBXGroup;
			children = (
				D44483D62250EF1C00A84CBB /* MDViewController.swift */,
			);
			path = ViewControllers;
			sourceTree = "<group>";
		};
		D44483E82250EFB600A84CBB /* Presenter */ = {
			isa = PBXGroup;
			children = (
				D44483E92250F0DC00A84CBB /* MDPresenter.swift */,
			);
			path = Presenter;
			sourceTree = "<group>";
		};
		D44483EF2250F9D600A84CBB /* Views */ = {
			isa = PBXGroup;
			children = (
				D44483F02250F9E500A84CBB /* ModelCell.swift */,
				D44483F22250F9F900A84CBB /* ModelCell.xib */,
			);
			path = Views;
			sourceTree = "<group>";
		};
/* End PBXGroup section */

/* Begin PBXNativeTarget section */
		D44483D02250EF1C00A84CBB /* MVP */ = {
			isa = PBXNativeTarget;
			buildConfigurationList = D44483E32250EF1D00A84CBB /* Build configuration list for PBXNativeTarget "MVP" */;
			buildPhases = (
				EB49982E2112616F3FB55B16 /* [CP] Check Pods Manifest.lock */,
				D44483CD2250EF1C00A84CBB /* Sources */,
				D44483CE2250EF1C00A84CBB /* Frameworks */,
				D44483CF2250EF1C00A84CBB /* Resources */,
				E3AF6C4FDDD58788FE7E6477 /* [CP] Embed Pods Frameworks */,
			);
			buildRules = (
			);
			dependencies = (
			);
			name = MVP;
			productName = MVP;
			productReference = D44483D12250EF1C00A84CBB /* MVP.app */;
			productType = "com.apple.product-type.application";
		};
/* End PBXNativeTarget section */

/* Begin PBXProject section */
		D44483C92250EF1C00A84CBB /* Project object */ = {
			isa = PBXProject;
			attributes = {
				LastSwiftUpdateCheck = 1010;
				LastUpgradeCheck = 1010;
				ORGANIZATIONNAME = "李永杰";
				TargetAttributes = {
					D44483D02250EF1C00A84CBB = {
						CreatedOnToolsVersion = 10.1;
					};
				};
			};
			buildConfigurationList = D44483CC2250EF1C00A84CBB /* Build configuration list for PBXProject "MVP" */;
			compatibilityVersion = "Xcode 9.3";
			developmentRegion = en;
			hasScannedForEncodings = 0;
			knownRegions = (
				en,
				Base,
			);
			mainGroup = D44483C82250EF1C00A84CBB;
			productRefGroup = D44483D22250EF1C00A84CBB /* Products */;
			projectDirPath = "";
			projectRoot = "";
			targets = (
				D44483D02250EF1C00A84CBB /* MVP */,
			);
		};
/* End PBXProject section */

/* Begin PBXResourcesBuildPhase section */
		D44483CF2250EF1C00A84CBB /* Resources */ = {
			isa = PBXResourcesBuildPhase;
			buildActionMask = 2147483647;
			files = (
				D44483DF2250EF1D00A84CBB /* LaunchScreen.storyboard in Resources */,
				D44483F32250F9F900A84CBB /* ModelCell.xib in Resources */,
				D44483DC2250EF1D00A84CBB /* Assets.xcassets in Resources */,
				D44483DA2250EF1C00A84CBB /* Main.storyboard in Resources */,
				D44483EC2250F12900A84CBB /* data.json in Resources */,
			);
			runOnlyForDeploymentPostprocessing = 0;
		};
/* End PBXResourcesBuildPhase section */

/* Begin PBXShellScriptBuildPhase section */
		E3AF6C4FDDD58788FE7E6477 /* [CP] Embed Pods Frameworks */ = {
			isa = PBXShellScriptBuildPhase;
			buildActionMask = 2147483647;
			files = (
			);
			inputPaths = (
				"${SRCROOT}/Pods/Target Support Files/Pods-MVP/Pods-MVP-frameworks.sh",
				"${BUILT_PRODUCTS_DIR}/HandyJSON/HandyJSON.framework",
				"${BUILT_PRODUCTS_DIR}/Kingfisher/Kingfisher.framework",
			);
			name = "[CP] Embed Pods Frameworks";
			outputPaths = (
				"${TARGET_BUILD_DIR}/${FRAMEWORKS_FOLDER_PATH}/HandyJSON.framework",
				"${TARGET_BUILD_DIR}/${FRAMEWORKS_FOLDER_PATH}/Kingfisher.framework",
			);
			runOnlyForDeploymentPostprocessing = 0;
			shellPath = /bin/sh;
			shellScript = "\"${SRCROOT}/Pods/Target Support Files/Pods-MVP/Pods-MVP-frameworks.sh\"\n";
			showEnvVarsInLog = 0;
		};
		EB49982E2112616F3FB55B16 /* [CP] Check Pods Manifest.lock */ = {
			isa = PBXShellScriptBuildPhase;
			buildActionMask = 2147483647;
			files = (
			);
			inputPaths = (
				"${PODS_PODFILE_DIR_PATH}/Podfile.lock",
				"${PODS_ROOT}/Manifest.lock",
			);
			name = "[CP] Check Pods Manifest.lock";
			outputPaths = (
				"$(DERIVED_FILE_DIR)/Pods-MVP-checkManifestLockResult.txt",
			);
			runOnlyForDeploymentPostprocessing = 0;
			shellPath = /bin/sh;
			shellScript = "diff \"${PODS_PODFILE_DIR_PATH}/Podfile.lock\" \"${PODS_ROOT}/Manifest.lock\" > /dev/null\nif [ $? != 0 ] ; then\n    # print error to STDERR\n    echo \"error: The sandbox is not in sync with the Podfile.lock. Run 'pod install' or update your CocoaPods installation.\" >&2\n    exit 1\nfi\n# This output is used by Xcode 'outputs' to avoid re-running this script phase.\necho \"SUCCESS\" > \"${SCRIPT_OUTPUT_FILE_0}\"\n";
			showEnvVarsInLog = 0;
		};
/* End PBXShellScriptBuildPhase section */

/* Begin PBXSourcesBuildPhase section */
		D44483CD2250EF1C00A84CBB /* Sources */ = {
			isa = PBXSourcesBuildPhase;
			buildActionMask = 2147483647;
			files = (
				D44483EE2250F29600A84CBB /* NewsModel.swift in Sources */,
				D44483EA2250F0DC00A84CBB /* MDPresenter.swift in Sources */,
				D44483D72250EF1C00A84CBB /* MDViewController.swift in Sources */,
				D44483F12250F9E500A84CBB /* ModelCell.swift in Sources */,
				D44483D52250EF1C00A84CBB /* AppDelegate.swift in Sources */,
			);
			runOnlyForDeploymentPostprocessing = 0;
		};
/* End PBXSourcesBuildPhase section */

/* Begin PBXVariantGroup section */
		D44483D82250EF1C00A84CBB /* Main.storyboard */ = {
			isa = PBXVariantGroup;
			children = (
				D44483D92250EF1C00A84CBB /* Base */,
			);
			name = Main.storyboard;
			sourceTree = "<group>";
		};
		D44483DD2250EF1D00A84CBB /* LaunchScreen.storyboard */ = {
			isa = PBXVariantGroup;
			children = (
				D44483DE2250EF1D00A84CBB /* Base */,
			);
			name = LaunchScreen.storyboard;
			sourceTree = "<group>";
		};
/* End PBXVariantGroup section */

/* Begin XCBuildConfiguration section */
		D44483E12250EF1D00A84CBB /* Debug */ = {
			isa = XCBuildConfiguration;
			buildSettings = {
				ALWAYS_SEARCH_USER_PATHS = NO;
				CLANG_ANALYZER_NONNULL = YES;
				CLANG_ANALYZER_NUMBER_OBJECT_CONVERSION = YES_AGGRESSIVE;
				CLANG_CXX_LANGUAGE_STANDARD = "gnu++14";
				CLANG_CXX_LIBRARY = "libc++";
				CLANG_ENABLE_MODULES = YES;
				CLANG_ENABLE_OBJC_ARC = YES;
				CLANG_ENABLE_OBJC_WEAK = YES;
				CLANG_WARN_BLOCK_CAPTURE_AUTORELEASING = YES;
				CLANG_WARN_BOOL_CONVERSION = YES;
				CLANG_WARN_COMMA = YES;
				CLANG_WARN_CONSTANT_CONVERSION = YES;
				CLANG_WARN_DEPRECATED_OBJC_IMPLEMENTATIONS = YES;
				CLANG_WARN_DIRECT_OBJC_ISA_USAGE = YES_ERROR;
				CLANG_WARN_DOCUMENTATION_COMMENTS = YES;
				CLANG_WARN_EMPTY_BODY = YES;
				CLANG_WARN_ENUM_CONVERSION = YES;
				CLANG_WARN_INFINITE_RECURSION = YES;
				CLANG_WARN_INT_CONVERSION = YES;
				CLANG_WARN_NON_LITERAL_NULL_CONVERSION = YES;
				CLANG_WARN_OBJC_IMPLICIT_RETAIN_SELF = YES;
				CLANG_WARN_OBJC_LITERAL_CONVERSION = YES;
				CLANG_WARN_OBJC_ROOT_CLASS = YES_ERROR;
				CLANG_WARN_RANGE_LOOP_ANALYSIS = YES;
				CLANG_WARN_STRICT_PROTOTYPES = YES;
				CLANG_WARN_SUSPICIOUS_MOVE = YES;
				CLANG_WARN_UNGUARDED_AVAILABILITY = YES_AGGRESSIVE;
				CLANG_WARN_UNREACHABLE_CODE = YES;
				CLANG_WARN__DUPLICATE_METHOD_MATCH = YES;
				CODE_SIGN_IDENTITY = "iPhone Developer";
				COPY_PHASE_STRIP = NO;
				DEBUG_INFORMATION_FORMAT = dwarf;
				ENABLE_STRICT_OBJC_MSGSEND = YES;
				ENABLE_TESTABILITY = YES;
				GCC_C_LANGUAGE_STANDARD = gnu11;
				GCC_DYNAMIC_NO_PIC = NO;
				GCC_NO_COMMON_BLOCKS = YES;
				GCC_OPTIMIZATION_LEVEL = 0;
				GCC_PREPROCESSOR_DEFINITIONS = (
					"DEBUG=1",
					"$(inherited)",
				);
				GCC_WARN_64_TO_32_BIT_CONVERSION = YES;
				GCC_WARN_ABOUT_RETURN_TYPE = YES_ERROR;
				GCC_WARN_UNDECLARED_SELECTOR = YES;
				GCC_WARN_UNINITIALIZED_AUTOS = YES_AGGRESSIVE;
				GCC_WARN_UNUSED_FUNCTION = YES;
				GCC_WARN_UNUSED_VARIABLE = YES;
				IPHONEOS_DEPLOYMENT_TARGET = 12.1;
				MTL_ENABLE_DEBUG_INFO = INCLUDE_SOURCE;
				MTL_FAST_MATH = YES;
				ONLY_ACTIVE_ARCH = YES;
				SDKROOT = iphoneos;
				SWIFT_ACTIVE_COMPILATION_CONDITIONS = DEBUG;
				SWIFT_OPTIMIZATION_LEVEL = "-Onone";
			};
			name = Debug;
		};
		D44483E22250EF1D00A84CBB /* Release */ = {
			isa = XCBuildConfiguration;
			buildSettings = {
				ALWAYS_SEARCH_USER_PATHS = NO;
				CLANG_ANALYZER_NONNULL = YES;
				CLANG_ANALYZER_NUMBER_OBJECT_CONVERSION = YES_AGGRESSIVE;
				CLANG_CXX_LANGUAGE_STANDARD = "gnu++14";
				CLANG_CXX_LIBRARY = "libc++";
				CLANG_ENABLE_MODULES = YES;
				CLANG_ENABLE_OBJC_ARC = YES;
				CLANG_ENABLE_OBJC_WEAK = YES;
				CLANG_WARN_BLOCK_CAPTURE_AUTORELEASING = YES;
				CLANG_WARN_BOOL_CONVERSION = YES;
				CLANG_WARN_COMMA = YES;
				CLANG_WARN_CONSTANT_CONVERSION = YES;
				CLANG_WARN_DEPRECATED_OBJC_IMPLEMENTATIONS = YES;
				CLANG_WARN_DIRECT_OBJC_ISA_USAGE = YES_ERROR;
				CLANG_WARN_DOCUMENTATION_COMMENTS = YES;
				CLANG_WARN_EMPTY_BODY = YES;
				CLANG_WARN_ENUM_CONVERSION = YES;
				CLANG_WARN_INFINITE_RECURSION = YES;
				CLANG_WARN_INT_CONVERSION = YES;
				CLANG_WARN_NON_LITERAL_NULL_CONVERSION = YES;
				CLANG_WARN_OBJC_IMPLICIT_RETAIN_SELF = YES;
				CLANG_WARN_OBJC_LITERAL_CONVERSION = YES;
				CLANG_WARN_OBJC_ROOT_CLASS = YES_ERROR;
				CLANG_WARN_RANGE_LOOP_ANALYSIS = YES;
				CLANG_WARN_STRICT_PROTOTYPES = YES;
				CLANG_WARN_SUSPICIOUS_MOVE = YES;
				CLANG_WARN_UNGUARDED_AVAILABILITY = YES_AGGRESSIVE;
				CLANG_WARN_UNREACHABLE_CODE = YES;
				CLANG_WARN__DUPLICATE_METHOD_MATCH = YES;
				CODE_SIGN_IDENTITY = "iPhone Developer";
				COPY_PHASE_STRIP = NO;
				DEBUG_INFORMATION_FORMAT = "dwarf-with-dsym";
				ENABLE_NS_ASSERTIONS = NO;
				ENABLE_STRICT_OBJC_MSGSEND = YES;
				GCC_C_LANGUAGE_STANDARD = gnu11;
				GCC_NO_COMMON_BLOCKS = YES;
				GCC_WARN_64_TO_32_BIT_CONVERSION = YES;
				GCC_WARN_ABOUT_RETURN_TYPE = YES_ERROR;
				GCC_WARN_UNDECLARED_SELECTOR = YES;
				GCC_WARN_UNINITIALIZED_AUTOS = YES_AGGRESSIVE;
				GCC_WARN_UNUSED_FUNCTION = YES;
				GCC_WARN_UNUSED_VARIABLE = YES;
				IPHONEOS_DEPLOYMENT_TARGET = 12.1;
				MTL_ENABLE_DEBUG_INFO = NO;
				MTL_FAST_MATH = YES;
				SDKROOT = iphoneos;
				SWIFT_COMPILATION_MODE = wholemodule;
				SWIFT_OPTIMIZATION_LEVEL = "-O";
				VALIDATE_PRODUCT = YES;
			};
			name = Release;
		};
		D44483E42250EF1D00A84CBB /* Debug */ = {
			isa = XCBuildConfiguration;
			baseConfigurationReference = E5CB1BC47830570354A8BB92 /* Pods-MVP.debug.xcconfig */;
			buildSettings = {
				ASSETCATALOG_COMPILER_APPICON_NAME = AppIcon;
				CODE_SIGN_STYLE = Automatic;
				INFOPLIST_FILE = MVP/Info.plist;
				IPHONEOS_DEPLOYMENT_TARGET = 8.0;
				LD_RUNPATH_SEARCH_PATHS = (
					"$(inherited)",
					"@executable_path/Frameworks",
				);
				PRODUCT_BUNDLE_IDENTIFIER = "---.MVP";
				PRODUCT_NAME = "$(TARGET_NAME)";
				SWIFT_VERSION = 4.2;
				TARGETED_DEVICE_FAMILY = "1,2";
			};
			name = Debug;
		};
		D44483E52250EF1D00A84CBB /* Release */ = {
			isa = XCBuildConfiguration;
			baseConfigurationReference = 81B625EE11C3A44FB23F84C9 /* Pods-MVP.release.xcconfig */;
			buildSettings = {
				ASSETCATALOG_COMPILER_APPICON_NAME = AppIcon;
				CODE_SIGN_STYLE = Automatic;
				INFOPLIST_FILE = MVP/Info.plist;
				IPHONEOS_DEPLOYMENT_TARGET = 8.0;
				LD_RUNPATH_SEARCH_PATHS = (
					"$(inherited)",
					"@executable_path/Frameworks",
				);
				PRODUCT_BUNDLE_IDENTIFIER = "---.MVP";
				PRODUCT_NAME = "$(TARGET_NAME)";
				SWIFT_VERSION = 4.2;
				TARGETED_DEVICE_FAMILY = "1,2";
			};
			name = Release;
		};
/* End XCBuildConfiguration section */

/* Begin XCConfigurationList section */
		D44483CC2250EF1C00A84CBB /* Build configuration list for PBXProject "MVP" */ = {
			isa = XCConfigurationList;
			buildConfigurations = (
				D44483E12250EF1D00A84CBB /* Debug */,
				D44483E22250EF1D00A84CBB /* Release */,
			);
			defaultConfigurationIsVisible = 0;
			defaultConfigurationName = Release;
		};
		D44483E32250EF1D00A84CBB /* Build configuration list for PBXNativeTarget "MVP" */ = {
			isa = XCConfigurationList;
			buildConfigurations = (
				D44483E42250EF1D00A84CBB /* Debug */,
				D44483E52250EF1D00A84CBB /* Release */,
			);
			defaultConfigurationIsVisible = 0;
			defaultConfigurationName = Release;
		};
/* End XCConfigurationList section */
	};
	rootObject = D44483C92250EF1C00A84CBB /* Project object */;
}
